
Microsoft Visual Studio Solution File, Format Version 12.00
# Visual Studio Version 16
VisualStudioVersion = 16.0.32802.440
MinimumVisualStudioVersion = 10.0.40219.1
Project("{FAE04EC0-301F-11D3-BF4B-00C04F79EFBC}") = "FenghuiXX", "FenghuiXX\FenghuiXX.csproj", "{F33C457C-37E3-4E58-85FF-03DBEE5732E0}"
EndProject
Global
	GlobalSection(SolutionConfigurationPlatforms) = preSolution
		Debug|Any CPU = Debug|Any CPU
		Release|Any CPU = Release|Any CPU
	EndGlobalSection
	GlobalSection(ProjectConfigurationPlatforms) = postSolution
		{F33C457C-37E3-4E58-85FF-03DBEE5732E0}.Debug|Any CPU.ActiveCfg = Debug|Any CPU
		{F33C457C-37E3-4E58-85FF-03DBEE5732E0}.Debug|Any CPU.Build.0 = Debug|Any CPU
		{F33C457C-37E3-4E58-85FF-03DBEE5732E0}.Release|Any CPU.ActiveCfg = Release|Any CPU
		{F33C457C-37E3-4E58-85FF-03DBEE5732E0}.Release|Any CPU.Build.0 = Release|Any CPU
	EndGlobalSection
	GlobalSection(SolutionProperties) = preSolution
		HideSolutionNode = FALSE
	EndGlobalSection
	GlobalSection(ExtensibilityGlobals) = postSolution
		SolutionGuid = {794B4567-8331-4285-B003-731A51145DA8}
	EndGlobalSection
EndGlobal
